// !$*UTF8*$!
{
	archiveVersion = 1;
	classes = {
	};
	objectVersion = 50;
	objects = {

/* Begin PBXBuildFile section */
		20DC7CD2D0CF86C9964FE1C1 /* Pods_DoubanLoginModule.framework in Frameworks */ = {isa = PBXBuildFile; fileRef = 9B9AC580B8F44B53D71B162B /* Pods_DoubanLoginModule.framework */; };
		60A2B4CA21DEF8BB006E3419 /* AppDelegate.swift in Sources */ = {isa = PBXBuildFile; fileRef = 60A2B4C921DEF8BB006E3419 /* AppDelegate.swift */; };
		60A2B4CF21DEF8BB006E3419 /* Main.storyboard in Resources */ = {isa = PBXBuildFile; fileRef = 60A2B4CD21DEF8BB006E3419 /* Main.storyboard */; };
		60A2B4D121DEF8BC006E3419 /* Assets.xcassets in Resources */ = {isa = PBXBuildFile; fileRef = 60A2B4D021DEF8BC006E3419 /* Assets.xcassets */; };
		60A2B4D421DEF8BC006E3419 /* LaunchScreen.storyboard in Resources */ = {isa = PBXBuildFile; fileRef = 60A2B4D221DEF8BC006E3419 /* LaunchScreen.storyboard */; };
		60A2B4E121DEF9C1006E3419 /* DoubanLoginViewController.swift in Sources */ = {isa = PBXBuildFile; fileRef = 60A2B4DF21DEF9C1006E3419 /* DoubanLoginViewController.swift */; };
		60A2B4E221DEF9C1006E3419 /* DoubanLoginViewController.xib in Resources */ = {isa = PBXBuildFile; fileRef = 60A2B4E021DEF9C1006E3419 /* DoubanLoginViewController.xib */; };
		60A2B4E721DEFDA7006E3419 /* Target_DoubanLoginModule.swift in Sources */ = {isa = PBXBuildFile; fileRef = 60A2B4E621DEFDA7006E3419 /* Target_DoubanLoginModule.swift */; };
		60A2B4E921DEFE02006E3419 /* CTMediator+Extension.swift in Sources */ = {isa = PBXBuildFile; fileRef = 60A2B4E821DEFE02006E3419 /* CTMediator+Extension.swift */; };
		60A2B4F321DF05ED006E3419 /* FrameworkDoubanLoginModule.h in Headers */ = {isa = PBXBuildFile; fileRef = 60A2B4F121DF05ED006E3419 /* FrameworkDoubanLoginModule.h */; settings = {ATTRIBUTES = (Public, ); }; };
		60A2B4F621DF05ED006E3419 /* FrameworkDoubanLoginModule.framework in Frameworks */ = {isa = PBXBuildFile; fileRef = 60A2B4EF21DF05ED006E3419 /* FrameworkDoubanLoginModule.framework */; };
		60A2B4F721DF05ED006E3419 /* FrameworkDoubanLoginModule.framework in Embed Frameworks */ = {isa = PBXBuildFile; fileRef = 60A2B4EF21DF05ED006E3419 /* FrameworkDoubanLoginModule.framework */; settings = {ATTRIBUTES = (CodeSignOnCopy, RemoveHeadersOnCopy, ); }; };
		60CECB5F21E091D3000B5AB5 /* CTMediator+Extension.swift in Headers */ = {isa = PBXBuildFile; fileRef = 60CECB5B21E08DFA000B5AB5 /* CTMediator+Extension.swift */; settings = {ATTRIBUTES = (Public, ); }; };
		60CECB6021E091DF000B5AB5 /* DoubanLoginViewController.swift in Headers */ = {isa = PBXBuildFile; fileRef = 60CECB5D21E08EFE000B5AB5 /* DoubanLoginViewController.swift */; settings = {ATTRIBUTES = (Public, ); }; };
		710C3B0E692E5123DE5EC39E /* Pods_DoubanLoginModule_FrameworkDoubanLoginModule.framework in Frameworks */ = {isa = PBXBuildFile; fileRef = 61488DC2C3AFACA538EFCE1C /* Pods_DoubanLoginModule_FrameworkDoubanLoginModule.framework */; };
/* End PBXBuildFile section */

/* Begin PBXContainerItemProxy section */
		60A2B4F421DF05ED006E3419 /* PBXContainerItemProxy */ = {
			isa = PBXContainerItemProxy;
			containerPortal = 60A2B4BE21DEF8BB006E3419 /* Project object */;
			proxyType = 1;
			remoteGlobalIDString = 60A2B4EE21DF05ED006E3419;
			remoteInfo = FrameworkDoubanLoginModule;
		};
/* End PBXContainerItemProxy section */

/* Begin PBXCopyFilesBuildPhase section */
		60A2B4FB21DF05ED006E3419 /* Embed Frameworks */ = {
			isa = PBXCopyFilesBuildPhase;
			buildActionMask = 2147483647;
			dstPath = "";
			dstSubfolderSpec = 10;
			files = (
				60A2B4F721DF05ED006E3419 /* FrameworkDoubanLoginModule.framework in Embed Frameworks */,
			);
			name = "Embed Frameworks";
			runOnlyForDeploymentPostprocessing = 0;
		};
/* End PBXCopyFilesBuildPhase section */

/* Begin PBXFileReference section */
		199DCE4291D0708ABCE9D1D2 /* Pods-DoubanLoginModule.release.xcconfig */ = {isa = PBXFileReference; includeInIndex = 1; lastKnownFileType = text.xcconfig; name = "Pods-DoubanLoginModule.release.xcconfig"; path = "Pods/Target Support Files/Pods-DoubanLoginModule/Pods-DoubanLoginModule.release.xcconfig"; sourceTree = "<group>"; };
		1ABF305B16AF8D510F7897CE /* Pods-DoubanLoginModule-FrameworkDoubanLoginModule.debug.xcconfig */ = {isa = PBXFileReference; includeInIndex = 1; lastKnownFileType = text.xcconfig; name = "Pods-DoubanLoginModule-FrameworkDoubanLoginModule.debug.xcconfig"; path = "Pods/Target Support Files/Pods-DoubanLoginModule-FrameworkDoubanLoginModule/Pods-DoubanLoginModule-FrameworkDoubanLoginModule.debug.xcconfig"; sourceTree = "<group>"; };
		60A2B4C621DEF8BB006E3419 /* DoubanLoginModule.app */ = {isa = PBXFileReference; explicitFileType = wrapper.application; includeInIndex = 0; path = DoubanLoginModule.app; sourceTree = BUILT_PRODUCTS_DIR; };
		60A2B4C921DEF8BB006E3419 /* AppDelegate.swift */ = {isa = PBXFileReference; lastKnownFileType = sourcecode.swift; path = AppDelegate.swift; sourceTree = "<group>"; };
		60A2B4CE21DEF8BB006E3419 /* Base */ = {isa = PBXFileReference; lastKnownFileType = file.storyboard; name = Base; path = Base.lproj/Main.storyboard; sourceTree = "<group>"; };
		60A2B4D021DEF8BC006E3419 /* Assets.xcassets */ = {isa = PBXFileReference; lastKnownFileType = folder.assetcatalog; path = Assets.xcassets; sourceTree = "<group>"; };
		60A2B4D321DEF8BC006E3419 /* Base */ = {isa = PBXFileReference; lastKnownFileType = file.storyboard; name = Base; path = Base.lproj/LaunchScreen.storyboard; sourceTree = "<group>"; };
		60A2B4D521DEF8BC006E3419 /* Info.plist */ = {isa = PBXFileReference; lastKnownFileType = text.plist.xml; path = Info.plist; sourceTree = "<group>"; };
		60A2B4DF21DEF9C1006E3419 /* DoubanLoginViewController.swift */ = {isa = PBXFileReference; lastKnownFileType = sourcecode.swift; path = DoubanLoginViewController.swift; sourceTree = "<group>"; };
		60A2B4E021DEF9C1006E3419 /* DoubanLoginViewController.xib */ = {isa = PBXFileReference; lastKnownFileType = file.xib; path = DoubanLoginViewController.xib; sourceTree = "<group>"; };
		60A2B4E621DEFDA7006E3419 /* Target_DoubanLoginModule.swift */ = {isa = PBXFileReference; lastKnownFileType = sourcecode.swift; path = Target_DoubanLoginModule.swift; sourceTree = "<group>"; };
		60A2B4E821DEFE02006E3419 /* CTMediator+Extension.swift */ = {isa = PBXFileReference; lastKnownFileType = sourcecode.swift; path = "CTMediator+Extension.swift"; sourceTree = "<group>"; };
		60A2B4EF21DF05ED006E3419 /* FrameworkDoubanLoginModule.framework */ = {isa = PBXFileReference; explicitFileType = wrapper.framework; includeInIndex = 0; path = FrameworkDoubanLoginModule.framework; sourceTree = BUILT_PRODUCTS_DIR; };
		60A2B4F121DF05ED006E3419 /* FrameworkDoubanLoginModule.h */ = {isa = PBXFileReference; lastKnownFileType = sourcecode.c.h; path = FrameworkDoubanLoginModule.h; sourceTree = "<group>"; };
		60A2B4F221DF05ED006E3419 /* Info.plist */ = {isa = PBXFileReference; lastKnownFileType = text.plist.xml; path = Info.plist; sourceTree = "<group>"; };
		60CECB5921E08DFA000B5AB5 /* Target_DoubanLoginModule.swift */ = {isa = PBXFileReference; lastKnownFileType = sourcecode.swift; path = Target_DoubanLoginModule.swift; sourceTree = "<group>"; };
		60CECB5B21E08DFA000B5AB5 /* CTMediator+Extension.swift */ = {isa = PBXFileReference; lastKnownFileType = sourcecode.swift; path = "CTMediator+Extension.swift"; sourceTree = "<group>"; };
		60CECB5D21E08EFE000B5AB5 /* DoubanLoginViewController.swift */ = {isa = PBXFileReference; lastKnownFileType = sourcecode.swift; path = DoubanLoginViewController.swift; sourceTree = "<group>"; };
		60CECB5E21E08EFE000B5AB5 /* DoubanLoginViewController.xib */ = {isa = PBXFileReference; lastKnownFileType = file.xib; path = DoubanLoginViewController.xib; sourceTree = "<group>"; };
		61488DC2C3AFACA538EFCE1C /* Pods_DoubanLoginModule_FrameworkDoubanLoginModule.framework */ = {isa = PBXFileReference; explicitFileType = wrapper.framework; includeInIndex = 0; path = Pods_DoubanLoginModule_FrameworkDoubanLoginModule.framework; sourceTree = BUILT_PRODUCTS_DIR; };
		9B9AC580B8F44B53D71B162B /* Pods_DoubanLoginModule.framework */ = {isa = PBXFileReference; explicitFileType = wrapper.framework; includeInIndex = 0; path = Pods_DoubanLoginModule.framework; sourceTree = BUILT_PRODUCTS_DIR; };
		EAAE82539CD48AE6CDD47791 /* Pods-DoubanLoginModule.debug.xcconfig */ = {isa = PBXFileReference; includeInIndex = 1; lastKnownFileType = text.xcconfig; name = "Pods-DoubanLoginModule.debug.xcconfig"; path = "Pods/Target Support Files/Pods-DoubanLoginModule/Pods-DoubanLoginModule.debug.xcconfig"; sourceTree = "<group>"; };
		F45A0506858D8D25B4EB6286 /* Pods-DoubanLoginModule-FrameworkDoubanLoginModule.release.xcconfig */ = {isa = PBXFileReference; includeInIndex = 1; lastKnownFileType = text.xcconfig; name = "Pods-DoubanLoginModule-FrameworkDoubanLoginModule.release.xcconfig"; path = "Pods/Target Support Files/Pods-DoubanLoginModule-FrameworkDoubanLoginModule/Pods-DoubanLoginModule-FrameworkDoubanLoginModule.release.xcconfig"; sourceTree = "<group>"; };
/* End PBXFileReference section */

/* Begin PBXFrameworksBuildPhase section */
		60A2B4C321DEF8BB006E3419 /* Frameworks */ = {
			isa = PBXFrameworksBuildPhase;
			buildActionMask = 2147483647;
			files = (
				60A2B4F621DF05ED006E3419 /* FrameworkDoubanLoginModule.framework in Frameworks */,
				20DC7CD2D0CF86C9964FE1C1 /* Pods_DoubanLoginModule.framework in Frameworks */,
			);
			runOnlyForDeploymentPostprocessing = 0;
		};
		60A2B4EC21DF05ED006E3419 /* Frameworks */ = {
			isa = PBXFrameworksBuildPhase;
			buildActionMask = 2147483647;
			files = (
				710C3B0E692E5123DE5EC39E /* Pods_DoubanLoginModule_FrameworkDoubanLoginModule.framework in Frameworks */,
			);
			runOnlyForDeploymentPostprocessing = 0;
		};
/* End PBXFrameworksBuildPhase section */

/* Begin PBXGroup section */
		503B4F3E56EA70E20100EDB4 /* Pods */ = {
			isa = PBXGroup;
			children = (
				EAAE82539CD48AE6CDD47791 /* Pods-DoubanLoginModule.debug.xcconfig */,
				199DCE4291D0708ABCE9D1D2 /* Pods-DoubanLoginModule.release.xcconfig */,
				1ABF305B16AF8D510F7897CE /* Pods-DoubanLoginModule-FrameworkDoubanLoginModule.debug.xcconfig */,
				F45A0506858D8D25B4EB6286 /* Pods-DoubanLoginModule-FrameworkDoubanLoginModule.release.xcconfig */,
			);
			name = Pods;
			sourceTree = "<group>";
		};
		60A2B4BD21DEF8BB006E3419 = {
			isa = PBXGroup;
			children = (
				60A2B4C821DEF8BB006E3419 /* DoubanLoginModule */,
				60A2B4F021DF05ED006E3419 /* FrameworkDoubanLoginModule */,
				60A2B4C721DEF8BB006E3419 /* Products */,
				503B4F3E56EA70E20100EDB4 /* Pods */,
				A0AF09463254DC3425C8E482 /* Frameworks */,
			);
			sourceTree = "<group>";
		};
		60A2B4C721DEF8BB006E3419 /* Products */ = {
			isa = PBXGroup;
			children = (
				60A2B4C621DEF8BB006E3419 /* DoubanLoginModule.app */,
				60A2B4EF21DF05ED006E3419 /* FrameworkDoubanLoginModule.framework */,
			);
			name = Products;
			sourceTree = "<group>";
		};
		60A2B4C821DEF8BB006E3419 /* DoubanLoginModule */ = {
			isa = PBXGroup;
			children = (
				60A2B4DB21DEF917006E3419 /* app */,
				60A2B4DC21DEF91C006E3419 /* base */,
				60A2B4DE21DEF933006E3419 /* resource */,
				60A2B4DD21DEF922006E3419 /* view */,
				60A2B4E321DEFADC006E3419 /* Module_API */,
				60A2B4CD21DEF8BB006E3419 /* Main.storyboard */,
				60A2B4D221DEF8BC006E3419 /* LaunchScreen.storyboard */,
				60A2B4D521DEF8BC006E3419 /* Info.plist */,
			);
			path = DoubanLoginModule;
			sourceTree = "<group>";
		};
		60A2B4DB21DEF917006E3419 /* app */ = {
			isa = PBXGroup;
			children = (
				60A2B4C921DEF8BB006E3419 /* AppDelegate.swift */,
			);
			path = app;
			sourceTree = "<group>";
		};
		60A2B4DC21DEF91C006E3419 /* base */ = {
			isa = PBXGroup;
			children = (
			);
			path = base;
			sourceTree = "<group>";
		};
		60A2B4DD21DEF922006E3419 /* view */ = {
			isa = PBXGroup;
			children = (
				60A2B4DF21DEF9C1006E3419 /* DoubanLoginViewController.swift */,
				60A2B4E021DEF9C1006E3419 /* DoubanLoginViewController.xib */,
			);
			path = view;
			sourceTree = "<group>";
		};
		60A2B4DE21DEF933006E3419 /* resource */ = {
			isa = PBXGroup;
			children = (
				60A2B4D021DEF8BC006E3419 /* Assets.xcassets */,
			);
			path = resource;
			sourceTree = "<group>";
		};
		60A2B4E321DEFADC006E3419 /* Module_API */ = {
			isa = PBXGroup;
			children = (
				60A2B4E521DEFB3C006E3419 /* Target */,
				60A2B4E421DEFB34006E3419 /* Api */,
			);
			path = Module_API;
			sourceTree = "<group>";
		};
		60A2B4E421DEFB34006E3419 /* Api */ = {
			isa = PBXGroup;
			children = (
				60A2B4E821DEFE02006E3419 /* CTMediator+Extension.swift */,
			);
			path = Api;
			sourceTree = "<group>";
		};
		60A2B4E521DEFB3C006E3419 /* Target */ = {
			isa = PBXGroup;
			children = (
				60A2B4E621DEFDA7006E3419 /* Target_DoubanLoginModule.swift */,
			);
			path = Target;
			sourceTree = "<group>";
		};
		60A2B4F021DF05ED006E3419 /* FrameworkDoubanLoginModule */ = {
			isa = PBXGroup;
			children = (
				60CECB5C21E08EFE000B5AB5 /* view */,
				60CECB5721E08DFA000B5AB5 /* Module_API */,
				60A2B4F121DF05ED006E3419 /* FrameworkDoubanLoginModule.h */,
				60A2B4F221DF05ED006E3419 /* Info.plist */,
			);
			path = FrameworkDoubanLoginModule;
			sourceTree = "<group>";
		};
		60CECB5721E08DFA000B5AB5 /* Module_API */ = {
			isa = PBXGroup;
			children = (
				60CECB5821E08DFA000B5AB5 /* Target */,
				60CECB5A21E08DFA000B5AB5 /* Api */,
			);
			path = Module_API;
			sourceTree = "<group>";
		};
		60CECB5821E08DFA000B5AB5 /* Target */ = {
			isa = PBXGroup;
			children = (
				60CECB5921E08DFA000B5AB5 /* Target_DoubanLoginModule.swift */,
			);
			path = Target;
			sourceTree = "<group>";
		};
		60CECB5A21E08DFA000B5AB5 /* Api */ = {
			isa = PBXGroup;
			children = (
				60CECB5B21E08DFA000B5AB5 /* CTMediator+Extension.swift */,
			);
			path = Api;
			sourceTree = "<group>";
		};
		60CECB5C21E08EFE000B5AB5 /* view */ = {
			isa = PBXGroup;
			children = (
				60CECB5D21E08EFE000B5AB5 /* DoubanLoginViewController.swift */,
				60CECB5E21E08EFE000B5AB5 /* DoubanLoginViewController.xib */,
			);
			path = view;
			sourceTree = "<group>";
		};
		A0AF09463254DC3425C8E482 /* Frameworks */ = {
			isa = PBXGroup;
			children = (
				9B9AC580B8F44B53D71B162B /* Pods_DoubanLoginModule.framework */,
				61488DC2C3AFACA538EFCE1C /* Pods_DoubanLoginModule_FrameworkDoubanLoginModule.framework */,
			);
			name = Frameworks;
			sourceTree = "<group>";
		};
/* End PBXGroup section */

/* Begin PBXHeadersBuildPhase section */
		60A2B4EA21DF05ED006E3419 /* Headers */ = {
			isa = PBXHeadersBuildPhase;
			buildActionMask = 2147483647;
			files = (
				60A2B4F321DF05ED006E3419 /* FrameworkDoubanLoginModule.h in Headers */,
				60CECB5F21E091D3000B5AB5 /* CTMediator+Extension.swift in Headers */,
				60CECB6021E091DF000B5AB5 /* DoubanLoginViewController.swift in Headers */,
			);
			runOnlyForDeploymentPostprocessing = 0;
		};
/* End PBXHeadersBuildPhase section */

/* Begin PBXNativeTarget section */
		60A2B4C521DEF8BB006E3419 /* DoubanLoginModule */ = {
			isa = PBXNativeTarget;
			buildConfigurationList = 60A2B4D821DEF8BC006E3419 /* Build configuration list for PBXNativeTarget "DoubanLoginModule" */;
			buildPhases = (
				747303F3912D43BBFB728A01 /* [CP] Check Pods Manifest.lock */,
				60A2B4C221DEF8BB006E3419 /* Sources */,
				60A2B4C321DEF8BB006E3419 /* Frameworks */,
				60A2B4C421DEF8BB006E3419 /* Resources */,
				294CC5A58C696BDCBF7D0583 /* [CP] Embed Pods Frameworks */,
				60A2B4FB21DF05ED006E3419 /* Embed Frameworks */,
			);
			buildRules = (
			);
			dependencies = (
				60A2B4F521DF05ED006E3419 /* PBXTargetDependency */,
			);
			name = DoubanLoginModule;
			productName = DoubanLoginModule;
			productReference = 60A2B4C621DEF8BB006E3419 /* DoubanLoginModule.app */;
			productType = "com.apple.product-type.application";
		};
		60A2B4EE21DF05ED006E3419 /* FrameworkDoubanLoginModule */ = {
			isa = PBXNativeTarget;
			buildConfigurationList = 60A2B4F821DF05ED006E3419 /* Build configuration list for PBXNativeTarget "FrameworkDoubanLoginModule" */;
			buildPhases = (
				36ED180E4A5E16C51D63E917 /* [CP] Check Pods Manifest.lock */,
				60A2B4EA21DF05ED006E3419 /* Headers */,
				60A2B4EB21DF05ED006E3419 /* Sources */,
				60A2B4EC21DF05ED006E3419 /* Frameworks */,
				60A2B4ED21DF05ED006E3419 /* Resources */,
			);
			buildRules = (
			);
			dependencies = (
			);
			name = FrameworkDoubanLoginModule;
			productName = FrameworkDoubanLoginModule;
			productReference = 60A2B4EF21DF05ED006E3419 /* FrameworkDoubanLoginModule.framework */;
			productType = "com.apple.product-type.framework";
		};
/* End PBXNativeTarget section */

/* Begin PBXProject section */
		60A2B4BE21DEF8BB006E3419 /* Project object */ = {
			isa = PBXProject;
			attributes = {
				LastSwiftUpdateCheck = 1010;
				LastUpgradeCheck = 1010;
				ORGANIZATIONNAME = rptang;
				TargetAttributes = {
					60A2B4C521DEF8BB006E3419 = {
						CreatedOnToolsVersion = 10.1;
					};
					60A2B4EE21DF05ED006E3419 = {
						CreatedOnToolsVersion = 10.1;
					};
				};
			};
			buildConfigurationList = 60A2B4C121DEF8BB006E3419 /* Build configuration list for PBXProject "DoubanLoginModule" */;
			compatibilityVersion = "Xcode 9.3";
			developmentRegion = en;
			hasScannedForEncodings = 0;
			knownRegions = (
				en,
				Base,
			);
			mainGroup = 60A2B4BD21DEF8BB006E3419;
			productRefGroup = 60A2B4C721DEF8BB006E3419 /* Products */;
			projectDirPath = "";
			projectRoot = "";
			targets = (
				60A2B4C521DEF8BB006E3419 /* DoubanLoginModule */,
				60A2B4EE21DF05ED006E3419 /* FrameworkDoubanLoginModule */,
			);
		};
/* End PBXProject section */

/* Begin PBXResourcesBuildPhase section */
		60A2B4C421DEF8BB006E3419 /* Resources */ = {
			isa = PBXResourcesBuildPhase;
			buildActionMask = 2147483647;
			files = (
				60A2B4D421DEF8BC006E3419 /* LaunchScreen.storyboard in Resources */,
				60A2B4D121DEF8BC006E3419 /* Assets.xcassets in Resources */,
				60A2B4CF21DEF8BB006E3419 /* Main.storyboard in Resources */,
				60A2B4E221DEF9C1006E3419 /* DoubanLoginViewController.xib in Resources */,
			);
			runOnlyForDeploymentPostprocessing = 0;
		};
		60A2B4ED21DF05ED006E3419 /* Resources */ = {
			isa = PBXResourcesBuildPhase;
			buildActionMask = 2147483647;
			files = (
			);
			runOnlyForDeploymentPostprocessing = 0;
		};
/* End PBXResourcesBuildPhase section */

/* Begin PBXShellScriptBuildPhase section */
		294CC5A58C696BDCBF7D0583 /* [CP] Embed Pods Frameworks */ = {
			isa = PBXShellScriptBuildPhase;
			buildActionMask = 2147483647;
			files = (
			);
			inputPaths = (
				"${SRCROOT}/Pods/Target Support Files/Pods-DoubanLoginModule/Pods-DoubanLoginModule-frameworks.sh",
				"${BUILT_PRODUCTS_DIR}/CTMediator/CTMediator.framework",
			);
			name = "[CP] Embed Pods Frameworks";
			outputPaths = (
				"${TARGET_BUILD_DIR}/${FRAMEWORKS_FOLDER_PATH}/CTMediator.framework",
			);
			runOnlyForDeploymentPostprocessing = 0;
			shellPath = /bin/sh;
			shellScript = "\"${SRCROOT}/Pods/Target Support Files/Pods-DoubanLoginModule/Pods-DoubanLoginModule-frameworks.sh\"\n";
			showEnvVarsInLog = 0;
		};
		36ED180E4A5E16C51D63E917 /* [CP] Check Pods Manifest.lock */ = {
			isa = PBXShellScriptBuildPhase;
			buildActionMask = 2147483647;
			files = (
			);
			inputPaths = (
				"${PODS_PODFILE_DIR_PATH}/Podfile.lock",
				"${PODS_ROOT}/Manifest.lock",
			);
			name = "[CP] Check Pods Manifest.lock";
			outputPaths = (
				"$(DERIVED_FILE_DIR)/Pods-DoubanLoginModule-FrameworkDoubanLoginModule-checkManifestLockResult.txt",
			);
			runOnlyForDeploymentPostprocessing = 0;
			shellPath = /bin/sh;
			shellScript = "diff \"${PODS_PODFILE_DIR_PATH}/Podfile.lock\" \"${PODS_ROOT}/Manifest.lock\" > /dev/null\nif [ $? != 0 ] ; then\n    # print error to STDERR\n    echo \"error: The sandbox is not in sync with the Podfile.lock. Run 'pod install' or update your CocoaPods installation.\" >&2\n    exit 1\nfi\n# This output is used by Xcode 'outputs' to avoid re-running this script phase.\necho \"SUCCESS\" > \"${SCRIPT_OUTPUT_FILE_0}\"\n";
			showEnvVarsInLog = 0;
		};
		747303F3912D43BBFB728A01 /* [CP] Check Pods Manifest.lock */ = {
			isa = PBXShellScriptBuildPhase;
			buildActionMask = 2147483647;
			files = (
			);
			inputPaths = (
				"${PODS_PODFILE_DIR_PATH}/Podfile.lock",
				"${PODS_ROOT}/Manifest.lock",
			);
			name = "[CP] Check Pods Manifest.lock";
			outputPaths = (
				"$(DERIVED_FILE_DIR)/Pods-DoubanLoginModule-checkManifestLockResult.txt",
			);
			runOnlyForDeploymentPostprocessing = 0;
			shellPath = /bin/sh;
			shellScript = "diff \"${PODS_PODFILE_DIR_PATH}/Podfile.lock\" \"${PODS_ROOT}/Manifest.lock\" > /dev/null\nif [ $? != 0 ] ; then\n    # print error to STDERR\n    echo \"error: The sandbox is not in sync with the Podfile.lock. Run 'pod install' or update your CocoaPods installation.\" >&2\n    exit 1\nfi\n# This output is used by Xcode 'outputs' to avoid re-running this script phase.\necho \"SUCCESS\" > \"${SCRIPT_OUTPUT_FILE_0}\"\n";
			showEnvVarsInLog = 0;
		};
/* End PBXShellScriptBuildPhase section */

/* Begin PBXSourcesBuildPhase section */
		60A2B4C221DEF8BB006E3419 /* Sources */ = {
			isa = PBXSourcesBuildPhase;
			buildActionMask = 2147483647;
			files = (
				60A2B4E721DEFDA7006E3419 /* Target_DoubanLoginModule.swift in Sources */,
				60A2B4E921DEFE02006E3419 /* CTMediator+Extension.swift in Sources */,
				60A2B4E121DEF9C1006E3419 /* DoubanLoginViewController.swift in Sources */,
				60A2B4CA21DEF8BB006E3419 /* AppDelegate.swift in Sources */,
			);
			runOnlyForDeploymentPostprocessing = 0;
		};
		60A2B4EB21DF05ED006E3419 /* Sources */ = {
			isa = PBXSourcesBuildPhase;
			buildActionMask = 2147483647;
			files = (
			);
			runOnlyForDeploymentPostprocessing = 0;
		};
/* End PBXSourcesBuildPhase section */

/* Begin PBXTargetDependency section */
		60A2B4F521DF05ED006E3419 /* PBXTargetDependency */ = {
			isa = PBXTargetDependency;
			target = 60A2B4EE21DF05ED006E3419 /* FrameworkDoubanLoginModule */;
			targetProxy = 60A2B4F421DF05ED006E3419 /* PBXContainerItemProxy */;
		};
/* End PBXTargetDependency section */

/* Begin PBXVariantGroup section */
		60A2B4CD21DEF8BB006E3419 /* Main.storyboard */ = {
			isa = PBXVariantGroup;
			children = (
				60A2B4CE21DEF8BB006E3419 /* Base */,
			);
			name = Main.storyboard;
			sourceTree = "<group>";
		};
		60A2B4D221DEF8BC006E3419 /* LaunchScreen.storyboard */ = {
			isa = PBXVariantGroup;
			children = (
				60A2B4D321DEF8BC006E3419 /* Base */,
			);
			name = LaunchScreen.storyboard;
			sourceTree = "<group>";
		};
/* End PBXVariantGroup section */

/* Begin XCBuildConfiguration section */
		60A2B4D621DEF8BC006E3419 /* Debug */ = {
			isa = XCBuildConfiguration;
			buildSettings = {
				ALWAYS_SEARCH_USER_PATHS = NO;
				CLANG_ANALYZER_NONNULL = YES;
				CLANG_ANALYZER_NUMBER_OBJECT_CONVERSION = YES_AGGRESSIVE;
				CLANG_CXX_LANGUAGE_STANDARD = "gnu++14";
				CLANG_CXX_LIBRARY = "libc++";
				CLANG_ENABLE_MODULES = YES;
				CLANG_ENABLE_OBJC_ARC = YES;
				CLANG_ENABLE_OBJC_WEAK = YES;
				CLANG_WARN_BLOCK_CAPTURE_AUTORELEASING = YES;
				CLANG_WARN_BOOL_CONVERSION = YES;
				CLANG_WARN_COMMA = YES;
				CLANG_WARN_CONSTANT_CONVERSION = YES;
				CLANG_WARN_DEPRECATED_OBJC_IMPLEMENTATIONS = YES;
				CLANG_WARN_DIRECT_OBJC_ISA_USAGE = YES_ERROR;
				CLANG_WARN_DOCUMENTATION_COMMENTS = YES;
				CLANG_WARN_EMPTY_BODY = YES;
				CLANG_WARN_ENUM_CONVERSION = YES;
				CLANG_WARN_INFINITE_RECURSION = YES;
				CLANG_WARN_INT_CONVERSION = YES;
				CLANG_WARN_NON_LITERAL_NULL_CONVERSION = YES;
				CLANG_WARN_OBJC_IMPLICIT_RETAIN_SELF = YES;
				CLANG_WARN_OBJC_LITERAL_CONVERSION = YES;
				CLANG_WARN_OBJC_ROOT_CLASS = YES_ERROR;
				CLANG_WARN_RANGE_LOOP_ANALYSIS = YES;
				CLANG_WARN_STRICT_PROTOTYPES = YES;
				CLANG_WARN_SUSPICIOUS_MOVE = YES;
				CLANG_WARN_UNGUARDED_AVAILABILITY = YES_AGGRESSIVE;
				CLANG_WARN_UNREACHABLE_CODE = YES;
				CLANG_WARN__DUPLICATE_METHOD_MATCH = YES;
				CODE_SIGN_IDENTITY = "iPhone Developer";
				COPY_PHASE_STRIP = NO;
				DEBUG_INFORMATION_FORMAT = dwarf;
				ENABLE_STRICT_OBJC_MSGSEND = YES;
				ENABLE_TESTABILITY = YES;
				GCC_C_LANGUAGE_STANDARD = gnu11;
				GCC_DYNAMIC_NO_PIC = NO;
				GCC_NO_COMMON_BLOCKS = YES;
				GCC_OPTIMIZATION_LEVEL = 0;
				GCC_PREPROCESSOR_DEFINITIONS = (
					"DEBUG=1",
					"$(inherited)",
				);
				GCC_WARN_64_TO_32_BIT_CONVERSION = YES;
				GCC_WARN_ABOUT_RETURN_TYPE = YES_ERROR;
				GCC_WARN_UNDECLARED_SELECTOR = YES;
				GCC_WARN_UNINITIALIZED_AUTOS = YES_AGGRESSIVE;
				GCC_WARN_UNUSED_FUNCTION = YES;
				GCC_WARN_UNUSED_VARIABLE = YES;
				IPHONEOS_DEPLOYMENT_TARGET = 12.1;
				MTL_ENABLE_DEBUG_INFO = INCLUDE_SOURCE;
				MTL_FAST_MATH = YES;
				ONLY_ACTIVE_ARCH = YES;
				SDKROOT = iphoneos;
				SWIFT_ACTIVE_COMPILATION_CONDITIONS = DEBUG;
				SWIFT_OPTIMIZATION_LEVEL = "-Onone";
			};
			name = Debug;
		};
		60A2B4D721DEF8BC006E3419 /* Release */ = {
			isa = XCBuildConfiguration;
			buildSettings = {
				ALWAYS_SEARCH_USER_PATHS = NO;
				CLANG_ANALYZER_NONNULL = YES;
				CLANG_ANALYZER_NUMBER_OBJECT_CONVERSION = YES_AGGRESSIVE;
				CLANG_CXX_LANGUAGE_STANDARD = "gnu++14";
				CLANG_CXX_LIBRARY = "libc++";
				CLANG_ENABLE_MODULES = YES;
				CLANG_ENABLE_OBJC_ARC = YES;
				CLANG_ENABLE_OBJC_WEAK = YES;
				CLANG_WARN_BLOCK_CAPTURE_AUTORELEASING = YES;
				CLANG_WARN_BOOL_CONVERSION = YES;
				CLANG_WARN_COMMA = YES;
				CLANG_WARN_CONSTANT_CONVERSION = YES;
				CLANG_WARN_DEPRECATED_OBJC_IMPLEMENTATIONS = YES;
				CLANG_WARN_DIRECT_OBJC_ISA_USAGE = YES_ERROR;
				CLANG_WARN_DOCUMENTATION_COMMENTS = YES;
				CLANG_WARN_EMPTY_BODY = YES;
				CLANG_WARN_ENUM_CONVERSION = YES;
				CLANG_WARN_INFINITE_RECURSION = YES;
				CLANG_WARN_INT_CONVERSION = YES;
				CLANG_WARN_NON_LITERAL_NULL_CONVERSION = YES;
				CLANG_WARN_OBJC_IMPLICIT_RETAIN_SELF = YES;
				CLANG_WARN_OBJC_LITERAL_CONVERSION = YES;
				CLANG_WARN_OBJC_ROOT_CLASS = YES_ERROR;
				CLANG_WARN_RANGE_LOOP_ANALYSIS = YES;
				CLANG_WARN_STRICT_PROTOTYPES = YES;
				CLANG_WARN_SUSPICIOUS_MOVE = YES;
				CLANG_WARN_UNGUARDED_AVAILABILITY = YES_AGGRESSIVE;
				CLANG_WARN_UNREACHABLE_CODE = YES;
				CLANG_WARN__DUPLICATE_METHOD_MATCH = YES;
				CODE_SIGN_IDENTITY = "iPhone Developer";
				COPY_PHASE_STRIP = NO;
				DEBUG_INFORMATION_FORMAT = "dwarf-with-dsym";
				ENABLE_NS_ASSERTIONS = NO;
				ENABLE_STRICT_OBJC_MSGSEND = YES;
				GCC_C_LANGUAGE_STANDARD = gnu11;
				GCC_NO_COMMON_BLOCKS = YES;
				GCC_WARN_64_TO_32_BIT_CONVERSION = YES;
				GCC_WARN_ABOUT_RETURN_TYPE = YES_ERROR;
				GCC_WARN_UNDECLARED_SELECTOR = YES;
				GCC_WARN_UNINITIALIZED_AUTOS = YES_AGGRESSIVE;
				GCC_WARN_UNUSED_FUNCTION = YES;
				GCC_WARN_UNUSED_VARIABLE = YES;
				IPHONEOS_DEPLOYMENT_TARGET = 12.1;
				MTL_ENABLE_DEBUG_INFO = NO;
				MTL_FAST_MATH = YES;
				SDKROOT = iphoneos;
				SWIFT_COMPILATION_MODE = wholemodule;
				SWIFT_OPTIMIZATION_LEVEL = "-O";
				VALIDATE_PRODUCT = YES;
			};
			name = Release;
		};
		60A2B4D921DEF8BC006E3419 /* Debug */ = {
			isa = XCBuildConfiguration;
			baseConfigurationReference = EAAE82539CD48AE6CDD47791 /* Pods-DoubanLoginModule.debug.xcconfig */;
			buildSettings = {
				ALWAYS_EMBED_SWIFT_STANDARD_LIBRARIES = YES;
				ASSETCATALOG_COMPILER_APPICON_NAME = AppIcon;
				CODE_SIGN_STYLE = Automatic;
				DEVELOPMENT_TEAM = L8B98A9A7N;
				INFOPLIST_FILE = DoubanLoginModule/Info.plist;
				LD_RUNPATH_SEARCH_PATHS = (
					"$(inherited)",
					"@executable_path/Frameworks",
				);
				PRODUCT_BUNDLE_IDENTIFIER = com.douban.rptang.DoubanLoginModule;
				PRODUCT_NAME = "$(TARGET_NAME)";
				SWIFT_VERSION = 4.2;
				TARGETED_DEVICE_FAMILY = "1,2";
			};
			name = Debug;
		};
		60A2B4DA21DEF8BC006E3419 /* Release */ = {
			isa = XCBuildConfiguration;
			baseConfigurationReference = 199DCE4291D0708ABCE9D1D2 /* Pods-DoubanLoginModule.release.xcconfig */;
			buildSettings = {
				ALWAYS_EMBED_SWIFT_STANDARD_LIBRARIES = YES;
				ASSETCATALOG_COMPILER_APPICON_NAME = AppIcon;
				CODE_SIGN_STYLE = Automatic;
				DEVELOPMENT_TEAM = L8B98A9A7N;
				INFOPLIST_FILE = DoubanLoginModule/Info.plist;
				LD_RUNPATH_SEARCH_PATHS = (
					"$(inherited)",
					"@executable_path/Frameworks",
				);
				PRODUCT_BUNDLE_IDENTIFIER = com.douban.rptang.DoubanLoginModule;
				PRODUCT_NAME = "$(TARGET_NAME)";
				SWIFT_VERSION = 4.2;
				TARGETED_DEVICE_FAMILY = "1,2";
			};
			name = Release;
		};
		60A2B4F921DF05ED006E3419 /* Debug */ = {
			isa = XCBuildConfiguration;
			baseConfigurationReference = 1ABF305B16AF8D510F7897CE /* Pods-DoubanLoginModule-FrameworkDoubanLoginModule.debug.xcconfig */;
			buildSettings = {
				CODE_SIGN_IDENTITY = "";
				CODE_SIGN_STYLE = Automatic;
				CURRENT_PROJECT_VERSION = 1;
				DEFINES_MODULE = YES;
				DEVELOPMENT_TEAM = L8B98A9A7N;
				DYLIB_COMPATIBILITY_VERSION = 1;
				DYLIB_CURRENT_VERSION = 1;
				DYLIB_INSTALL_NAME_BASE = "@rpath";
				INFOPLIST_FILE = FrameworkDoubanLoginModule/Info.plist;
				INSTALL_PATH = "$(LOCAL_LIBRARY_DIR)/Frameworks";
				LD_RUNPATH_SEARCH_PATHS = (
					"$(inherited)",
					"@executable_path/Frameworks",
					"@loader_path/Frameworks",
				);
				ONLY_ACTIVE_ARCH = NO;
				OTHER_LDFLAGS = "-all_load";
				PRODUCT_BUNDLE_IDENTIFIER = com.douban.rptang.FrameworkDoubanLoginModule;
				PRODUCT_NAME = "$(TARGET_NAME:c99extidentifier)";
				SKIP_INSTALL = YES;
				SWIFT_VERSION = 4.2;
				TARGETED_DEVICE_FAMILY = "1,2";
				VERSIONING_SYSTEM = "apple-generic";
				VERSION_INFO_PREFIX = "";
			};
			name = Debug;
		};
		60A2B4FA21DF05ED006E3419 /* Release */ = {
			isa = XCBuildConfiguration;
			baseConfigurationReference = F45A0506858D8D25B4EB6286 /* Pods-DoubanLoginModule-FrameworkDoubanLoginModule.release.xcconfig */;
			buildSettings = {
				CODE_SIGN_IDENTITY = "";
				CODE_SIGN_STYLE = Automatic;
				CURRENT_PROJECT_VERSION = 1;
				DEFINES_MODULE = YES;
				DEVELOPMENT_TEAM = L8B98A9A7N;
				DYLIB_COMPATIBILITY_VERSION = 1;
				DYLIB_CURRENT_VERSION = 1;
				DYLIB_INSTALL_NAME_BASE = "@rpath";
				INFOPLIST_FILE = FrameworkDoubanLoginModule/Info.plist;
				INSTALL_PATH = "$(LOCAL_LIBRARY_DIR)/Frameworks";
				LD_RUNPATH_SEARCH_PATHS = (
					"$(inherited)",
					"@executable_path/Frameworks",
					"@loader_path/Frameworks",
				);
				ONLY_ACTIVE_ARCH = NO;
				OTHER_LDFLAGS = "-all_load";
				PRODUCT_BUNDLE_IDENTIFIER = com.douban.rptang.FrameworkDoubanLoginModule;
				PRODUCT_NAME = "$(TARGET_NAME:c99extidentifier)";
				SKIP_INSTALL = YES;
				SWIFT_VERSION = 4.2;
				TARGETED_DEVICE_FAMILY = "1,2";
				VERSIONING_SYSTEM = "apple-generic";
				VERSION_INFO_PREFIX = "";
			};
			name = Release;
		};
/* End XCBuildConfiguration section */

/* Begin XCConfigurationList section */
		60A2B4C121DEF8BB006E3419 /* Build configuration list for PBXProject "DoubanLoginModule" */ = {
			isa = XCConfigurationList;
			buildConfigurations = (
				60A2B4D621DEF8BC006E3419 /* Debug */,
				60A2B4D721DEF8BC006E3419 /* Release */,
			);
			defaultConfigurationIsVisible = 0;
			defaultConfigurationName = Release;
		};
		60A2B4D821DEF8BC006E3419 /* Build configuration list for PBXNativeTarget "DoubanLoginModule" */ = {
			isa = XCConfigurationList;
			buildConfigurations = (
				60A2B4D921DEF8BC006E3419 /* Debug */,
				60A2B4DA21DEF8BC006E3419 /* Release */,
			);
			defaultConfigurationIsVisible = 0;
			defaultConfigurationName = Release;
		};
		60A2B4F821DF05ED006E3419 /* Build configuration list for PBXNativeTarget "FrameworkDoubanLoginModule" */ = {
			isa = XCConfigurationList;
			buildConfigurations = (
				60A2B4F921DF05ED006E3419 /* Debug */,
				60A2B4FA21DF05ED006E3419 /* Release */,
			);
			defaultConfigurationIsVisible = 0;
			defaultConfigurationName = Release;
		};
/* End XCConfigurationList section */
	};
	rootObject = 60A2B4BE21DEF8BB006E3419 /* Project object */;
}
