// !$*UTF8*$!
{
	archiveVersion = 1;
	classes = {
	};
	objectVersion = 50;
	objects = {

/* Begin PBXBuildFile section */
		60CCBBF421E4259A005B8434 /* Target_DoubanLogin.swift in Sources */ = {isa = PBXBuildFile; fileRef = 60CCBBF321E4259A005B8434 /* Target_DoubanLogin.swift */; };
		60CCBBF621E425F4005B8434 /* DoubanLogin_Extension.swift in Sources */ = {isa = PBXBuildFile; fileRef = 60CCBBF521E425F4005B8434 /* DoubanLogin_Extension.swift */; };
		60CCBC1621E42F50005B8434 /* DoubanLogin_Extension.swift in Headers */ = {isa = PBXBuildFile; fileRef = 60CCBBF521E425F4005B8434 /* DoubanLogin_Extension.swift */; settings = {ATTRIBUTES = (Public, ); }; };
		60CCBC1721E42F7B005B8434 /* BViewController.swift in Sources */ = {isa = PBXBuildFile; fileRef = 60CECC6021E24451000B5AB5 /* BViewController.swift */; };
		60CECCAC21E2DFB2000B5AB5 /* BViewController.xib in Resources */ = {isa = PBXBuildFile; fileRef = 60CECC6121E24451000B5AB5 /* BViewController.xib */; };
		60CECCB421E2E161000B5AB5 /* guijihuifang.png in Resources */ = {isa = PBXBuildFile; fileRef = 60CECCB321E2E161000B5AB5 /* guijihuifang.png */; };
		60CECCB621E2E1DE000B5AB5 /* DoubanLoginRes.bundle in Resources */ = {isa = PBXBuildFile; fileRef = 60CECCB521E2E1DE000B5AB5 /* DoubanLoginRes.bundle */; };
		7CC11A1ED80641A3F3050FB0 /* Pods_DoubanLogin.framework in Frameworks */ = {isa = PBXBuildFile; fileRef = 2FA38D6C12E671B0612CBD88 /* Pods_DoubanLogin.framework */; };
/* End PBXBuildFile section */

/* Begin PBXFileReference section */
		2FA38D6C12E671B0612CBD88 /* Pods_DoubanLogin.framework */ = {isa = PBXFileReference; explicitFileType = wrapper.framework; includeInIndex = 0; path = Pods_DoubanLogin.framework; sourceTree = BUILT_PRODUCTS_DIR; };
		60CCBBF321E4259A005B8434 /* Target_DoubanLogin.swift */ = {isa = PBXFileReference; lastKnownFileType = sourcecode.swift; path = Target_DoubanLogin.swift; sourceTree = "<group>"; };
		60CCBBF521E425F4005B8434 /* DoubanLogin_Extension.swift */ = {isa = PBXFileReference; lastKnownFileType = sourcecode.swift; path = DoubanLogin_Extension.swift; sourceTree = "<group>"; };
		60CECC5521E24423000B5AB5 /* DoubanLogin.framework */ = {isa = PBXFileReference; explicitFileType = wrapper.framework; includeInIndex = 0; path = DoubanLogin.framework; sourceTree = BUILT_PRODUCTS_DIR; };
		60CECC5821E24423000B5AB5 /* DoubanLogin.h */ = {isa = PBXFileReference; lastKnownFileType = sourcecode.c.h; path = DoubanLogin.h; sourceTree = "<group>"; };
		60CECC5921E24423000B5AB5 /* Info.plist */ = {isa = PBXFileReference; lastKnownFileType = text.plist.xml; path = Info.plist; sourceTree = "<group>"; };
		60CECC6021E24451000B5AB5 /* BViewController.swift */ = {isa = PBXFileReference; lastKnownFileType = sourcecode.swift; path = BViewController.swift; sourceTree = "<group>"; };
		60CECC6121E24451000B5AB5 /* BViewController.xib */ = {isa = PBXFileReference; lastKnownFileType = file.xib; path = BViewController.xib; sourceTree = "<group>"; };
		60CECC9E21E2DC7E000B5AB5 /* DoubanLoginRes.bundle */ = {isa = PBXFileReference; explicitFileType = wrapper.cfbundle; includeInIndex = 0; path = DoubanLoginRes.bundle; sourceTree = BUILT_PRODUCTS_DIR; };
		60CECCA021E2DC7E000B5AB5 /* Info.plist */ = {isa = PBXFileReference; lastKnownFileType = text.plist.xml; path = Info.plist; sourceTree = "<group>"; };
		60CECCB321E2E161000B5AB5 /* guijihuifang.png */ = {isa = PBXFileReference; lastKnownFileType = image.png; path = guijihuifang.png; sourceTree = "<group>"; };
		60CECCB521E2E1DE000B5AB5 /* DoubanLoginRes.bundle */ = {isa = PBXFileReference; lastKnownFileType = "wrapper.plug-in"; path = DoubanLoginRes.bundle; sourceTree = "<group>"; };
		704AB590AD8C82F31B877C80 /* Pods-DoubanLogin.debug.xcconfig */ = {isa = PBXFileReference; includeInIndex = 1; lastKnownFileType = text.xcconfig; name = "Pods-DoubanLogin.debug.xcconfig"; path = "Pods/Target Support Files/Pods-DoubanLogin/Pods-DoubanLogin.debug.xcconfig"; sourceTree = "<group>"; };
		C14111150088186807F0D5CA /* Pods-DoubanLogin.release.xcconfig */ = {isa = PBXFileReference; includeInIndex = 1; lastKnownFileType = text.xcconfig; name = "Pods-DoubanLogin.release.xcconfig"; path = "Pods/Target Support Files/Pods-DoubanLogin/Pods-DoubanLogin.release.xcconfig"; sourceTree = "<group>"; };
/* End PBXFileReference section */

/* Begin PBXFrameworksBuildPhase section */
		60CECC5221E24423000B5AB5 /* Frameworks */ = {
			isa = PBXFrameworksBuildPhase;
			buildActionMask = 2147483647;
			files = (
				7CC11A1ED80641A3F3050FB0 /* Pods_DoubanLogin.framework in Frameworks */,
			);
			runOnlyForDeploymentPostprocessing = 0;
		};
		60CECC9B21E2DC7E000B5AB5 /* Frameworks */ = {
			isa = PBXFrameworksBuildPhase;
			buildActionMask = 2147483647;
			files = (
			);
			runOnlyForDeploymentPostprocessing = 0;
		};
/* End PBXFrameworksBuildPhase section */

/* Begin PBXGroup section */
		022F320D607C17A2566B4FC9 /* Pods */ = {
			isa = PBXGroup;
			children = (
				704AB590AD8C82F31B877C80 /* Pods-DoubanLogin.debug.xcconfig */,
				C14111150088186807F0D5CA /* Pods-DoubanLogin.release.xcconfig */,
			);
			name = Pods;
			sourceTree = "<group>";
		};
		222E7FEBCDF4450BE02E570B /* Frameworks */ = {
			isa = PBXGroup;
			children = (
				2FA38D6C12E671B0612CBD88 /* Pods_DoubanLogin.framework */,
			);
			name = Frameworks;
			sourceTree = "<group>";
		};
		60BCCE1221E46BF900129388 /* Login */ = {
			isa = PBXGroup;
			children = (
				60CECC6021E24451000B5AB5 /* BViewController.swift */,
			);
			path = Login;
			sourceTree = "<group>";
		};
		60CCBBF021E391AE005B8434 /* Target_API */ = {
			isa = PBXGroup;
			children = (
				60CCBBF221E420C9005B8434 /* API */,
				60CCBBF121E420BA005B8434 /* Target */,
			);
			path = Target_API;
			sourceTree = "<group>";
		};
		60CCBBF121E420BA005B8434 /* Target */ = {
			isa = PBXGroup;
			children = (
				60CCBBF321E4259A005B8434 /* Target_DoubanLogin.swift */,
			);
			path = Target;
			sourceTree = "<group>";
		};
		60CCBBF221E420C9005B8434 /* API */ = {
			isa = PBXGroup;
			children = (
				60CCBBF521E425F4005B8434 /* DoubanLogin_Extension.swift */,
			);
			path = API;
			sourceTree = "<group>";
		};
		60CECC4B21E24423000B5AB5 = {
			isa = PBXGroup;
			children = (
				60CECC5721E24423000B5AB5 /* DoubanLogin */,
				60CECC9F21E2DC7E000B5AB5 /* DoubanLoginRes */,
				60CECC5621E24423000B5AB5 /* Products */,
				022F320D607C17A2566B4FC9 /* Pods */,
				222E7FEBCDF4450BE02E570B /* Frameworks */,
			);
			sourceTree = "<group>";
		};
		60CECC5621E24423000B5AB5 /* Products */ = {
			isa = PBXGroup;
			children = (
				60CECC5521E24423000B5AB5 /* DoubanLogin.framework */,
				60CECC9E21E2DC7E000B5AB5 /* DoubanLoginRes.bundle */,
			);
			name = Products;
			sourceTree = "<group>";
		};
		60CECC5721E24423000B5AB5 /* DoubanLogin */ = {
			isa = PBXGroup;
			children = (
				60CECC9021E2CFEB000B5AB5 /* Classes */,
				60CECC5821E24423000B5AB5 /* DoubanLogin.h */,
				60CECC5921E24423000B5AB5 /* Info.plist */,
				60CECCB521E2E1DE000B5AB5 /* DoubanLoginRes.bundle */,
			);
			path = DoubanLogin;
			sourceTree = "<group>";
		};
		60CECC9021E2CFEB000B5AB5 /* Classes */ = {
			isa = PBXGroup;
			children = (
				60BCCE1221E46BF900129388 /* Login */,
				60CCBBF021E391AE005B8434 /* Target_API */,
			);
			path = Classes;
			sourceTree = "<group>";
		};
		60CECC9521E2D115000B5AB5 /* Assets */ = {
			isa = PBXGroup;
			children = (
				60CECCB321E2E161000B5AB5 /* guijihuifang.png */,
				60CECC6121E24451000B5AB5 /* BViewController.xib */,
			);
			path = Assets;
			sourceTree = "<group>";
		};
		60CECC9F21E2DC7E000B5AB5 /* DoubanLoginRes */ = {
			isa = PBXGroup;
			children = (
				60CECC9521E2D115000B5AB5 /* Assets */,
				60CECCA021E2DC7E000B5AB5 /* Info.plist */,
			);
			path = DoubanLoginRes;
			sourceTree = "<group>";
		};
/* End PBXGroup section */

/* Begin PBXHeadersBuildPhase section */
		60CECC5021E24423000B5AB5 /* Headers */ = {
			isa = PBXHeadersBuildPhase;
			buildActionMask = 2147483647;
			files = (
				60CCBC1621E42F50005B8434 /* DoubanLogin_Extension.swift in Headers */,
			);
			runOnlyForDeploymentPostprocessing = 0;
		};
/* End PBXHeadersBuildPhase section */

/* Begin PBXNativeTarget section */
		60CECC5421E24423000B5AB5 /* DoubanLogin */ = {
			isa = PBXNativeTarget;
			buildConfigurationList = 60CECC5D21E24423000B5AB5 /* Build configuration list for PBXNativeTarget "DoubanLogin" */;
			buildPhases = (
				52ACA4976F788AEEB9EB9E73 /* [CP] Check Pods Manifest.lock */,
				60CECC5021E24423000B5AB5 /* Headers */,
				60CECC5121E24423000B5AB5 /* Sources */,
				60CECC5221E24423000B5AB5 /* Frameworks */,
				60CECC5321E24423000B5AB5 /* Resources */,
			);
			buildRules = (
			);
			dependencies = (
			);
			name = DoubanLogin;
			productName = DoubanLogin;
			productReference = 60CECC5521E24423000B5AB5 /* DoubanLogin.framework */;
			productType = "com.apple.product-type.framework";
		};
		60CECC9D21E2DC7E000B5AB5 /* DoubanLoginRes */ = {
			isa = PBXNativeTarget;
			buildConfigurationList = 60CECCA121E2DC7E000B5AB5 /* Build configuration list for PBXNativeTarget "DoubanLoginRes" */;
			buildPhases = (
				60CECC9A21E2DC7E000B5AB5 /* Sources */,
				60CECC9B21E2DC7E000B5AB5 /* Frameworks */,
				60CECC9C21E2DC7E000B5AB5 /* Resources */,
			);
			buildRules = (
			);
			dependencies = (
			);
			name = DoubanLoginRes;
			productName = DoubanLoginRes;
			productReference = 60CECC9E21E2DC7E000B5AB5 /* DoubanLoginRes.bundle */;
			productType = "com.apple.product-type.bundle";
		};
/* End PBXNativeTarget section */

/* Begin PBXProject section */
		60CECC4C21E24423000B5AB5 /* Project object */ = {
			isa = PBXProject;
			attributes = {
				LastUpgradeCheck = 1010;
				ORGANIZATIONNAME = rptang;
				TargetAttributes = {
					60CECC5421E24423000B5AB5 = {
						CreatedOnToolsVersion = 10.1;
						LastSwiftMigration = 1010;
					};
					60CECC9D21E2DC7E000B5AB5 = {
						CreatedOnToolsVersion = 10.1;
					};
				};
			};
			buildConfigurationList = 60CECC4F21E24423000B5AB5 /* Build configuration list for PBXProject "DoubanLogin" */;
			compatibilityVersion = "Xcode 9.3";
			developmentRegion = en;
			hasScannedForEncodings = 0;
			knownRegions = (
				en,
			);
			mainGroup = 60CECC4B21E24423000B5AB5;
			productRefGroup = 60CECC5621E24423000B5AB5 /* Products */;
			projectDirPath = "";
			projectRoot = "";
			targets = (
				60CECC5421E24423000B5AB5 /* DoubanLogin */,
				60CECC9D21E2DC7E000B5AB5 /* DoubanLoginRes */,
			);
		};
/* End PBXProject section */

/* Begin PBXResourcesBuildPhase section */
		60CECC5321E24423000B5AB5 /* Resources */ = {
			isa = PBXResourcesBuildPhase;
			buildActionMask = 2147483647;
			files = (
				60CECCB621E2E1DE000B5AB5 /* DoubanLoginRes.bundle in Resources */,
			);
			runOnlyForDeploymentPostprocessing = 0;
		};
		60CECC9C21E2DC7E000B5AB5 /* Resources */ = {
			isa = PBXResourcesBuildPhase;
			buildActionMask = 2147483647;
			files = (
				60CECCAC21E2DFB2000B5AB5 /* BViewController.xib in Resources */,
				60CECCB421E2E161000B5AB5 /* guijihuifang.png in Resources */,
			);
			runOnlyForDeploymentPostprocessing = 0;
		};
/* End PBXResourcesBuildPhase section */

/* Begin PBXShellScriptBuildPhase section */
		52ACA4976F788AEEB9EB9E73 /* [CP] Check Pods Manifest.lock */ = {
			isa = PBXShellScriptBuildPhase;
			buildActionMask = 2147483647;
			files = (
			);
			inputPaths = (
				"${PODS_PODFILE_DIR_PATH}/Podfile.lock",
				"${PODS_ROOT}/Manifest.lock",
			);
			name = "[CP] Check Pods Manifest.lock";
			outputPaths = (
				"$(DERIVED_FILE_DIR)/Pods-DoubanLogin-checkManifestLockResult.txt",
			);
			runOnlyForDeploymentPostprocessing = 0;
			shellPath = /bin/sh;
			shellScript = "diff \"${PODS_PODFILE_DIR_PATH}/Podfile.lock\" \"${PODS_ROOT}/Manifest.lock\" > /dev/null\nif [ $? != 0 ] ; then\n    # print error to STDERR\n    echo \"error: The sandbox is not in sync with the Podfile.lock. Run 'pod install' or update your CocoaPods installation.\" >&2\n    exit 1\nfi\n# This output is used by Xcode 'outputs' to avoid re-running this script phase.\necho \"SUCCESS\" > \"${SCRIPT_OUTPUT_FILE_0}\"\n";
			showEnvVarsInLog = 0;
		};
/* End PBXShellScriptBuildPhase section */

/* Begin PBXSourcesBuildPhase section */
		60CECC5121E24423000B5AB5 /* Sources */ = {
			isa = PBXSourcesBuildPhase;
			buildActionMask = 2147483647;
			files = (
				60CCBBF421E4259A005B8434 /* Target_DoubanLogin.swift in Sources */,
				60CCBBF621E425F4005B8434 /* DoubanLogin_Extension.swift in Sources */,
				60CCBC1721E42F7B005B8434 /* BViewController.swift in Sources */,
			);
			runOnlyForDeploymentPostprocessing = 0;
		};
		60CECC9A21E2DC7E000B5AB5 /* Sources */ = {
			isa = PBXSourcesBuildPhase;
			buildActionMask = 2147483647;
			files = (
			);
			runOnlyForDeploymentPostprocessing = 0;
		};
/* End PBXSourcesBuildPhase section */

/* Begin XCBuildConfiguration section */
		60CECC5B21E24423000B5AB5 /* Debug */ = {
			isa = XCBuildConfiguration;
			buildSettings = {
				ALWAYS_SEARCH_USER_PATHS = NO;
				CLANG_ANALYZER_NONNULL = YES;
				CLANG_ANALYZER_NUMBER_OBJECT_CONVERSION = YES_AGGRESSIVE;
				CLANG_CXX_LANGUAGE_STANDARD = "gnu++14";
				CLANG_CXX_LIBRARY = "libc++";
				CLANG_ENABLE_MODULES = YES;
				CLANG_ENABLE_OBJC_ARC = YES;
				CLANG_ENABLE_OBJC_WEAK = YES;
				CLANG_WARN_BLOCK_CAPTURE_AUTORELEASING = YES;
				CLANG_WARN_BOOL_CONVERSION = YES;
				CLANG_WARN_COMMA = YES;
				CLANG_WARN_CONSTANT_CONVERSION = YES;
				CLANG_WARN_DEPRECATED_OBJC_IMPLEMENTATIONS = YES;
				CLANG_WARN_DIRECT_OBJC_ISA_USAGE = YES_ERROR;
				CLANG_WARN_DOCUMENTATION_COMMENTS = YES;
				CLANG_WARN_EMPTY_BODY = YES;
				CLANG_WARN_ENUM_CONVERSION = YES;
				CLANG_WARN_INFINITE_RECURSION = YES;
				CLANG_WARN_INT_CONVERSION = YES;
				CLANG_WARN_NON_LITERAL_NULL_CONVERSION = YES;
				CLANG_WARN_OBJC_IMPLICIT_RETAIN_SELF = YES;
				CLANG_WARN_OBJC_LITERAL_CONVERSION = YES;
				CLANG_WARN_OBJC_ROOT_CLASS = YES_ERROR;
				CLANG_WARN_RANGE_LOOP_ANALYSIS = YES;
				CLANG_WARN_STRICT_PROTOTYPES = YES;
				CLANG_WARN_SUSPICIOUS_MOVE = YES;
				CLANG_WARN_UNGUARDED_AVAILABILITY = YES_AGGRESSIVE;
				CLANG_WARN_UNREACHABLE_CODE = YES;
				CLANG_WARN__DUPLICATE_METHOD_MATCH = YES;
				CODE_SIGN_IDENTITY = "iPhone Developer";
				COPY_PHASE_STRIP = NO;
				CURRENT_PROJECT_VERSION = 1;
				DEBUG_INFORMATION_FORMAT = dwarf;
				ENABLE_STRICT_OBJC_MSGSEND = YES;
				ENABLE_TESTABILITY = YES;
				GCC_C_LANGUAGE_STANDARD = gnu11;
				GCC_DYNAMIC_NO_PIC = NO;
				GCC_NO_COMMON_BLOCKS = YES;
				GCC_OPTIMIZATION_LEVEL = 0;
				GCC_PREPROCESSOR_DEFINITIONS = (
					"DEBUG=1",
					"$(inherited)",
				);
				GCC_WARN_64_TO_32_BIT_CONVERSION = YES;
				GCC_WARN_ABOUT_RETURN_TYPE = YES_ERROR;
				GCC_WARN_UNDECLARED_SELECTOR = YES;
				GCC_WARN_UNINITIALIZED_AUTOS = YES_AGGRESSIVE;
				GCC_WARN_UNUSED_FUNCTION = YES;
				GCC_WARN_UNUSED_VARIABLE = YES;
				IPHONEOS_DEPLOYMENT_TARGET = 12.1;
				MTL_ENABLE_DEBUG_INFO = INCLUDE_SOURCE;
				MTL_FAST_MATH = YES;
				ONLY_ACTIVE_ARCH = YES;
				SDKROOT = iphoneos;
				SWIFT_ACTIVE_COMPILATION_CONDITIONS = DEBUG;
				SWIFT_OPTIMIZATION_LEVEL = "-Onone";
				VERSIONING_SYSTEM = "apple-generic";
				VERSION_INFO_PREFIX = "";
			};
			name = Debug;
		};
		60CECC5C21E24423000B5AB5 /* Release */ = {
			isa = XCBuildConfiguration;
			buildSettings = {
				ALWAYS_SEARCH_USER_PATHS = NO;
				CLANG_ANALYZER_NONNULL = YES;
				CLANG_ANALYZER_NUMBER_OBJECT_CONVERSION = YES_AGGRESSIVE;
				CLANG_CXX_LANGUAGE_STANDARD = "gnu++14";
				CLANG_CXX_LIBRARY = "libc++";
				CLANG_ENABLE_MODULES = YES;
				CLANG_ENABLE_OBJC_ARC = YES;
				CLANG_ENABLE_OBJC_WEAK = YES;
				CLANG_WARN_BLOCK_CAPTURE_AUTORELEASING = YES;
				CLANG_WARN_BOOL_CONVERSION = YES;
				CLANG_WARN_COMMA = YES;
				CLANG_WARN_CONSTANT_CONVERSION = YES;
				CLANG_WARN_DEPRECATED_OBJC_IMPLEMENTATIONS = YES;
				CLANG_WARN_DIRECT_OBJC_ISA_USAGE = YES_ERROR;
				CLANG_WARN_DOCUMENTATION_COMMENTS = YES;
				CLANG_WARN_EMPTY_BODY = YES;
				CLANG_WARN_ENUM_CONVERSION = YES;
				CLANG_WARN_INFINITE_RECURSION = YES;
				CLANG_WARN_INT_CONVERSION = YES;
				CLANG_WARN_NON_LITERAL_NULL_CONVERSION = YES;
				CLANG_WARN_OBJC_IMPLICIT_RETAIN_SELF = YES;
				CLANG_WARN_OBJC_LITERAL_CONVERSION = YES;
				CLANG_WARN_OBJC_ROOT_CLASS = YES_ERROR;
				CLANG_WARN_RANGE_LOOP_ANALYSIS = YES;
				CLANG_WARN_STRICT_PROTOTYPES = YES;
				CLANG_WARN_SUSPICIOUS_MOVE = YES;
				CLANG_WARN_UNGUARDED_AVAILABILITY = YES_AGGRESSIVE;
				CLANG_WARN_UNREACHABLE_CODE = YES;
				CLANG_WARN__DUPLICATE_METHOD_MATCH = YES;
				CODE_SIGN_IDENTITY = "iPhone Developer";
				COPY_PHASE_STRIP = NO;
				CURRENT_PROJECT_VERSION = 1;
				DEBUG_INFORMATION_FORMAT = "dwarf-with-dsym";
				ENABLE_NS_ASSERTIONS = NO;
				ENABLE_STRICT_OBJC_MSGSEND = YES;
				GCC_C_LANGUAGE_STANDARD = gnu11;
				GCC_NO_COMMON_BLOCKS = YES;
				GCC_WARN_64_TO_32_BIT_CONVERSION = YES;
				GCC_WARN_ABOUT_RETURN_TYPE = YES_ERROR;
				GCC_WARN_UNDECLARED_SELECTOR = YES;
				GCC_WARN_UNINITIALIZED_AUTOS = YES_AGGRESSIVE;
				GCC_WARN_UNUSED_FUNCTION = YES;
				GCC_WARN_UNUSED_VARIABLE = YES;
				IPHONEOS_DEPLOYMENT_TARGET = 12.1;
				MTL_ENABLE_DEBUG_INFO = NO;
				MTL_FAST_MATH = YES;
				SDKROOT = iphoneos;
				SWIFT_COMPILATION_MODE = wholemodule;
				SWIFT_OPTIMIZATION_LEVEL = "-O";
				VALIDATE_PRODUCT = YES;
				VERSIONING_SYSTEM = "apple-generic";
				VERSION_INFO_PREFIX = "";
			};
			name = Release;
		};
		60CECC5E21E24423000B5AB5 /* Debug */ = {
			isa = XCBuildConfiguration;
			baseConfigurationReference = 704AB590AD8C82F31B877C80 /* Pods-DoubanLogin.debug.xcconfig */;
			buildSettings = {
				CLANG_ENABLE_MODULES = YES;
				CODE_SIGN_IDENTITY = "";
				CODE_SIGN_STYLE = Automatic;
				DEFINES_MODULE = YES;
				DEVELOPMENT_TEAM = L8B98A9A7N;
				DYLIB_COMPATIBILITY_VERSION = 1;
				DYLIB_CURRENT_VERSION = 1;
				DYLIB_INSTALL_NAME_BASE = "@rpath";
				INFOPLIST_FILE = DoubanLogin/Info.plist;
				INSTALL_PATH = "$(LOCAL_LIBRARY_DIR)/Frameworks";
				LD_RUNPATH_SEARCH_PATHS = (
					"$(inherited)",
					"@executable_path/Frameworks",
					"@loader_path/Frameworks",
				);
				ONLY_ACTIVE_ARCH = NO;
				PRODUCT_BUNDLE_IDENTIFIER = com.douban.rptang.DoubanLogin;
				PRODUCT_NAME = "$(TARGET_NAME:c99extidentifier)";
				SKIP_INSTALL = YES;
				SWIFT_OPTIMIZATION_LEVEL = "-Onone";
				SWIFT_VERSION = 4.2;
				TARGETED_DEVICE_FAMILY = "1,2";
			};
			name = Debug;
		};
		60CECC5F21E24423000B5AB5 /* Release */ = {
			isa = XCBuildConfiguration;
			baseConfigurationReference = C14111150088186807F0D5CA /* Pods-DoubanLogin.release.xcconfig */;
			buildSettings = {
				CLANG_ENABLE_MODULES = YES;
				CODE_SIGN_IDENTITY = "";
				CODE_SIGN_STYLE = Automatic;
				DEFINES_MODULE = YES;
				DEVELOPMENT_TEAM = L8B98A9A7N;
				DYLIB_COMPATIBILITY_VERSION = 1;
				DYLIB_CURRENT_VERSION = 1;
				DYLIB_INSTALL_NAME_BASE = "@rpath";
				INFOPLIST_FILE = DoubanLogin/Info.plist;
				INSTALL_PATH = "$(LOCAL_LIBRARY_DIR)/Frameworks";
				LD_RUNPATH_SEARCH_PATHS = (
					"$(inherited)",
					"@executable_path/Frameworks",
					"@loader_path/Frameworks",
				);
				ONLY_ACTIVE_ARCH = NO;
				PRODUCT_BUNDLE_IDENTIFIER = com.douban.rptang.DoubanLogin;
				PRODUCT_NAME = "$(TARGET_NAME:c99extidentifier)";
				SKIP_INSTALL = YES;
				SWIFT_VERSION = 4.2;
				TARGETED_DEVICE_FAMILY = "1,2";
			};
			name = Release;
		};
		60CECCA221E2DC7E000B5AB5 /* Debug */ = {
			isa = XCBuildConfiguration;
			buildSettings = {
				CODE_SIGN_IDENTITY = "iPhone Developer";
				CODE_SIGN_STYLE = Manual;
				COMBINE_HIDPI_IMAGES = NO;
				DEVELOPMENT_TEAM = L8B98A9A7N;
				ENABLE_BITCODE = NO;
				INFOPLIST_FILE = DoubanLoginRes/Info.plist;
				INSTALL_PATH = "$(LOCAL_LIBRARY_DIR)/Bundles";
				MACOSX_DEPLOYMENT_TARGET = 10.13;
				PRODUCT_BUNDLE_IDENTIFIER = com.douban.rptang.DoubanLoginRes;
				PRODUCT_NAME = "$(TARGET_NAME)";
				PROVISIONING_PROFILE_SPECIFIER = "";
				SDKROOT = iphoneos;
				SKIP_INSTALL = YES;
				WRAPPER_EXTENSION = bundle;
			};
			name = Debug;
		};
		60CECCA321E2DC7E000B5AB5 /* Release */ = {
			isa = XCBuildConfiguration;
			buildSettings = {
				CODE_SIGN_IDENTITY = "iPhone Developer";
				CODE_SIGN_STYLE = Manual;
				COMBINE_HIDPI_IMAGES = NO;
				DEVELOPMENT_TEAM = L8B98A9A7N;
				ENABLE_BITCODE = NO;
				INFOPLIST_FILE = DoubanLoginRes/Info.plist;
				INSTALL_PATH = "$(LOCAL_LIBRARY_DIR)/Bundles";
				MACOSX_DEPLOYMENT_TARGET = 10.13;
				PRODUCT_BUNDLE_IDENTIFIER = com.douban.rptang.DoubanLoginRes;
				PRODUCT_NAME = "$(TARGET_NAME)";
				PROVISIONING_PROFILE_SPECIFIER = "";
				SDKROOT = iphoneos;
				SKIP_INSTALL = YES;
				WRAPPER_EXTENSION = bundle;
			};
			name = Release;
		};
/* End XCBuildConfiguration section */

/* Begin XCConfigurationList section */
		60CECC4F21E24423000B5AB5 /* Build configuration list for PBXProject "DoubanLogin" */ = {
			isa = XCConfigurationList;
			buildConfigurations = (
				60CECC5B21E24423000B5AB5 /* Debug */,
				60CECC5C21E24423000B5AB5 /* Release */,
			);
			defaultConfigurationIsVisible = 0;
			defaultConfigurationName = Release;
		};
		60CECC5D21E24423000B5AB5 /* Build configuration list for PBXNativeTarget "DoubanLogin" */ = {
			isa = XCConfigurationList;
			buildConfigurations = (
				60CECC5E21E24423000B5AB5 /* Debug */,
				60CECC5F21E24423000B5AB5 /* Release */,
			);
			defaultConfigurationIsVisible = 0;
			defaultConfigurationName = Release;
		};
		60CECCA121E2DC7E000B5AB5 /* Build configuration list for PBXNativeTarget "DoubanLoginRes" */ = {
			isa = XCConfigurationList;
			buildConfigurations = (
				60CECCA221E2DC7E000B5AB5 /* Debug */,
				60CECCA321E2DC7E000B5AB5 /* Release */,
			);
			defaultConfigurationIsVisible = 0;
			defaultConfigurationName = Release;
		};
/* End XCConfigurationList section */
	};
	rootObject = 60CECC4C21E24423000B5AB5 /* Project object */;
}
